// !$*UTF8*$!
{
	archiveVersion = 1;
	classes = {
	};
	objectVersion = 50;
	objects = {

/* Begin PBXBuildFile section */
		8473B0DB271334CE0033C70D /* AppDelegate.swift in Sources */ = {isa = PBXBuildFile; fileRef = 8473B0DA271334CE0033C70D /* AppDelegate.swift */; };
		8473B0DD271334CE0033C70D /* SceneDelegate.swift in Sources */ = {isa = PBXBuildFile; fileRef = 8473B0DC271334CE0033C70D /* SceneDelegate.swift */; };
		8473B0DF271334CE0033C70D /* ViewController.swift in Sources */ = {isa = PBXBuildFile; fileRef = 8473B0DE271334CE0033C70D /* ViewController.swift */; };
		8473B0E2271334CE0033C70D /* Main.storyboard in Resources */ = {isa = PBXBuildFile; fileRef = 8473B0E0271334CE0033C70D /* Main.storyboard */; };
		8473B0E4271334D30033C70D /* Assets.xcassets in Resources */ = {isa = PBXBuildFile; fileRef = 8473B0E3271334D30033C70D /* Assets.xcassets */; };
		8473B0E7271334D30033C70D /* LaunchScreen.storyboard in Resources */ = {isa = PBXBuildFile; fileRef = 8473B0E5271334D30033C70D /* LaunchScreen.storyboard */; };
		8473B0F2271F40240033C70D /* Story.swift in Sources */ = {isa = PBXBuildFile; fileRef = 8473B0F1271F40240033C70D /* Story.swift */; };
/* End PBXBuildFile section */

/* Begin PBXFileReference section */
		8473B0D7271334CE0033C70D /* DestinyApp.app */ = {isa = PBXFileReference; explicitFileType = wrapper.application; includeInIndex = 0; path = DestinyApp.app; sourceTree = BUILT_PRODUCTS_DIR; };
		8473B0DA271334CE0033C70D /* AppDelegate.swift */ = {isa = PBXFileReference; lastKnownFileType = sourcecode.swift; path = AppDelegate.swift; sourceTree = "<group>"; };
		8473B0DC271334CE0033C70D /* SceneDelegate.swift */ = {isa = PBXFileReference; lastKnownFileType = sourcecode.swift; path = SceneDelegate.swift; sourceTree = "<group>"; };
		8473B0DE271334CE0033C70D /* ViewController.swift */ = {isa = PBXFileReference; lastKnownFileType = sourcecode.swift; path = ViewController.swift; sourceTree = "<group>"; };
		8473B0E1271334CE0033C70D /* Base */ = {isa = PBXFileReference; lastKnownFileType = file.storyboard; name = Base; path = Base.lproj/Main.storyboard; sourceTree = "<group>"; };
		8473B0E3271334D30033C70D /* Assets.xcassets */ = {isa = PBXFileReference; lastKnownFileType = folder.assetcatalog; path = Assets.xcassets; sourceTree = "<group>"; };
		8473B0E6271334D30033C70D /* Base */ = {isa = PBXFileReference; lastKnownFileType = file.storyboard; name = Base; path = Base.lproj/LaunchScreen.storyboard; sourceTree = "<group>"; };
		8473B0E8271334D30033C70D /* Info.plist */ = {isa = PBXFileReference; lastKnownFileType = text.plist.xml; path = Info.plist; sourceTree = "<group>"; };
		8473B0F1271F40240033C70D /* Story.swift */ = {isa = PBXFileReference; lastKnownFileType = sourcecode.swift; path = Story.swift; sourceTree = "<group>"; };
/* End PBXFileReference section */

/* Begin PBXFrameworksBuildPhase section */
		8473B0D4271334CE0033C70D /* Frameworks */ = {
			isa = PBXFrameworksBuildPhase;
			buildActionMask = 2147483647;
			files = (
			);
			runOnlyForDeploymentPostprocessing = 0;
		};
/* End PBXFrameworksBuildPhase section */

/* Begin PBXGroup section */
		8473B0CE271334CE0033C70D = {
			isa = PBXGroup;
			children = (
				8473B0D9271334CE0033C70D /* DestinyApp */,
				8473B0D8271334CE0033C70D /* Products */,
			);
			sourceTree = "<group>";
		};
		8473B0D8271334CE0033C70D /* Products */ = {
			isa = PBXGroup;
			children = (
				8473B0D7271334CE0033C70D /* DestinyApp.app */,
			);
			name = Products;
			sourceTree = "<group>";
		};
		8473B0D9271334CE0033C70D /* DestinyApp */ = {
			isa = PBXGroup;
			children = (
				8473B0F0271F3FC90033C70D /* Controller */,
				8473B0EF271F3FC20033C70D /* View */,
				8473B0EE271F3FBA0033C70D /* Model */,
				8473B0DA271334CE0033C70D /* AppDelegate.swift */,
				8473B0DC271334CE0033C70D /* SceneDelegate.swift */,
				8473B0E3271334D30033C70D /* Assets.xcassets */,
				8473B0E8271334D30033C70D /* Info.plist */,
			);
			path = DestinyApp;
			sourceTree = "<group>";
		};
		8473B0EE271F3FBA0033C70D /* Model */ = {
			isa = PBXGroup;
			children = (
				8473B0F1271F40240033C70D /* Story.swift */,
			);
			path = Model;
			sourceTree = "<group>";
		};
		8473B0EF271F3FC20033C70D /* View */ = {
			isa = PBXGroup;
			children = (
				8473B0E5271334D30033C70D /* LaunchScreen.storyboard */,
				8473B0E0271334CE0033C70D /* Main.storyboard */,
			);
			path = View;
			sourceTree = "<group>";
		};
		8473B0F0271F3FC90033C70D /* Controller */ = {
			isa = PBXGroup;
			children = (
				8473B0DE271334CE0033C70D /* ViewController.swift */,
			);
			path = Controller;
			sourceTree = "<group>";
		};
/* End PBXGroup section */

/* Begin PBXNativeTarget section */
		8473B0D6271334CE0033C70D /* DestinyApp */ = {
			isa = PBXNativeTarget;
			buildConfigurationList = 8473B0EB271334D30033C70D /* Build configuration list for PBXNativeTarget "DestinyApp" */;
			buildPhases = (
				8473B0D3271334CE0033C70D /* Sources */,
				8473B0D4271334CE0033C70D /* Frameworks */,
				8473B0D5271334CE0033C70D /* Resources */,
			);
			buildRules = (
			);
			dependencies = (
			);
			name = DestinyApp;
			productName = DestinyApp;
			productReference = 8473B0D7271334CE0033C70D /* DestinyApp.app */;
			productType = "com.apple.product-type.application";
		};
/* End PBXNativeTarget section */

/* Begin PBXProject section */
		8473B0CF271334CE0033C70D /* Project object */ = {
			isa = PBXProject;
			attributes = {
				LastSwiftUpdateCheck = 1250;
				LastUpgradeCheck = 1250;
				TargetAttributes = {
					8473B0D6271334CE0033C70D = {
						CreatedOnToolsVersion = 12.5.1;
					};
				};
			};
			buildConfigurationList = 8473B0D2271334CE0033C70D /* Build configuration list for PBXProject "DestinyApp" */;
			compatibilityVersion = "Xcode 9.3";
			developmentRegion = en;
			hasScannedForEncodings = 0;
			knownRegions = (
				en,
				Base,
			);
			mainGroup = 8473B0CE271334CE0033C70D;
			productRefGroup = 8473B0D8271334CE0033C70D /* Products */;
			projectDirPath = "";
			projectRoot = "";
			targets = (
				8473B0D6271334CE0033C70D /* DestinyApp */,
			);
		};
/* End PBXProject section */

/* Begin PBXResourcesBuildPhase section */
		8473B0D5271334CE0033C70D /* Resources */ = {
			isa = PBXResourcesBuildPhase;
			buildActionMask = 2147483647;
			files = (
				8473B0E7271334D30033C70D /* LaunchScreen.storyboard in Resources */,
				8473B0E4271334D30033C70D /* Assets.xcassets in Resources */,
				8473B0E2271334CE0033C70D /* Main.storyboard in Resources */,
			);
			runOnlyForDeploymentPostprocessing = 0;
		};
/* End PBXResourcesBuildPhase section */

/* Begin PBXSourcesBuildPhase section */
		8473B0D3271334CE0033C70D /* Sources */ = {
			isa = PBXSourcesBuildPhase;
			buildActionMask = 2147483647;
			files = (
				8473B0DF271334CE0033C70D /* ViewController.swift in Sources */,
				8473B0DB271334CE0033C70D /* AppDelegate.swift in Sources */,
				8473B0DD271334CE0033C70D /* SceneDelegate.swift in Sources */,
				8473B0F2271F40240033C70D /* Story.swift in Sources */,
			);
			runOnlyForDeploymentPostprocessing = 0;
		};
/* End PBXSourcesBuildPhase section */

/* Begin PBXVariantGroup section */
		8473B0E0271334CE0033C70D /* Main.storyboard */ = {
			isa = PBXVariantGroup;
			children = (
				8473B0E1271334CE0033C70D /* Base */,
			);
			name = Main.storyboard;
			sourceTree = "<group>";
		};
		8473B0E5271334D30033C70D /* LaunchScreen.storyboard */ = {
			isa = PBXVariantGroup;
			children = (
				8473B0E6271334D30033C70D /* Base */,
			);
			name = LaunchScreen.storyboard;
			sourceTree = "<group>";
		};
/* End PBXVariantGroup section */

/* Begin XCBuildConfiguration section */
		8473B0E9271334D30033C70D /* Debug */ = {
			isa = XCBuildConfiguration;
			buildSettings = {
				ALWAYS_SEARCH_USER_PATHS = NO;
				CLANG_ANALYZER_NONNULL = YES;
				CLANG_ANALYZER_NUMBER_OBJECT_CONVERSION = YES_AGGRESSIVE;
				CLANG_CXX_LANGUAGE_STANDARD = "gnu++14";
				CLANG_CXX_LIBRARY = "libc++";
				CLANG_ENABLE_MODULES = YES;
				CLANG_ENABLE_OBJC_ARC = YES;
				CLANG_ENABLE_OBJC_WEAK = YES;
				CLANG_WARN_BLOCK_CAPTURE_AUTORELEASING = YES;
				CLANG_WARN_BOOL_CONVERSION = YES;
				CLANG_WARN_COMMA = YES;
				CLANG_WARN_CONSTANT_CONVERSION = YES;
				CLANG_WARN_DEPRECATED_OBJC_IMPLEMENTATIONS = YES;
				CLANG_WARN_DIRECT_OBJC_ISA_USAGE = YES_ERROR;
				CLANG_WARN_DOCUMENTATION_COMMENTS = YES;
				CLANG_WARN_EMPTY_BODY = YES;
				CLANG_WARN_ENUM_CONVERSION = YES;
				CLANG_WARN_INFINITE_RECURSION = YES;
				CLANG_WARN_INT_CONVERSION = YES;
				CLANG_WARN_NON_LITERAL_NULL_CONVERSION = YES;
				CLANG_WARN_OBJC_IMPLICIT_RETAIN_SELF = YES;
				CLANG_WARN_OBJC_LITERAL_CONVERSION = YES;
				CLANG_WARN_OBJC_ROOT_CLASS = YES_ERROR;
				CLANG_WARN_QUOTED_INCLUDE_IN_FRAMEWORK_HEADER = YES;
				CLANG_WARN_RANGE_LOOP_ANALYSIS = YES;
				CLANG_WARN_STRICT_PROTOTYPES = YES;
				CLANG_WARN_SUSPICIOUS_MOVE = YES;
				CLANG_WARN_UNGUARDED_AVAILABILITY = YES_AGGRESSIVE;
				CLANG_WARN_UNREACHABLE_CODE = YES;
				CLANG_WARN__DUPLICATE_METHOD_MATCH = YES;
				COPY_PHASE_STRIP = NO;
				DEBUG_INFORMATION_FORMAT = dwarf;
				ENABLE_STRICT_OBJC_MSGSEND = YES;
				ENABLE_TESTABILITY = YES;
				GCC_C_LANGUAGE_STANDARD = gnu11;
				GCC_DYNAMIC_NO_PIC = NO;
				GCC_NO_COMMON_BLOCKS = YES;
				GCC_OPTIMIZATION_LEVEL = 0;
				GCC_PREPROCESSOR_DEFINITIONS = (
					"DEBUG=1",
					"$(inherited)",
				);
				GCC_WARN_64_TO_32_BIT_CONVERSION = YES;
				GCC_WARN_ABOUT_RETURN_TYPE = YES_ERROR;
				GCC_WARN_UNDECLARED_SELECTOR = YES;
				GCC_WARN_UNINITIALIZED_AUTOS = YES_AGGRESSIVE;
				GCC_WARN_UNUSED_FUNCTION = YES;
				GCC_WARN_UNUSED_VARIABLE = YES;
				IPHONEOS_DEPLOYMENT_TARGET = 14.5;
				MTL_ENABLE_DEBUG_INFO = INCLUDE_SOURCE;
				MTL_FAST_MATH = YES;
				ONLY_ACTIVE_ARCH = YES;
				SDKROOT = iphoneos;
				SWIFT_ACTIVE_COMPILATION_CONDITIONS = DEBUG;
				SWIFT_OPTIMIZATION_LEVEL = "-Onone";
			};
			name = Debug;
		};
		8473B0EA271334D30033C70D /* Release */ = {
			isa = XCBuildConfiguration;
			buildSettings = {
				ALWAYS_SEARCH_USER_PATHS = NO;
				CLANG_ANALYZER_NONNULL = YES;
				CLANG_ANALYZER_NUMBER_OBJECT_CONVERSION = YES_AGGRESSIVE;
				CLANG_CXX_LANGUAGE_STANDARD = "gnu++14";
				CLANG_CXX_LIBRARY = "libc++";
				CLANG_ENABLE_MODULES = YES;
				CLANG_ENABLE_OBJC_ARC = YES;
				CLANG_ENABLE_OBJC_WEAK = YES;
				CLANG_WARN_BLOCK_CAPTURE_AUTORELEASING = YES;
				CLANG_WARN_BOOL_CONVERSION = YES;
				CLANG_WARN_COMMA = YES;
				CLANG_WARN_CONSTANT_CONVERSION = YES;
				CLANG_WARN_DEPRECATED_OBJC_IMPLEMENTATIONS = YES;
				CLANG_WARN_DIRECT_OBJC_ISA_USAGE = YES_ERROR;
				CLANG_WARN_DOCUMENTATION_COMMENTS = YES;
				CLANG_WARN_EMPTY_BODY = YES;
				CLANG_WARN_ENUM_CONVERSION = YES;
				CLANG_WARN_INFINITE_RECURSION = YES;
				CLANG_WARN_INT_CONVERSION = YES;
				CLANG_WARN_NON_LITERAL_NULL_CONVERSION = YES;
				CLANG_WARN_OBJC_IMPLICIT_RETAIN_SELF = YES;
				CLANG_WARN_OBJC_LITERAL_CONVERSION = YES;
				CLANG_WARN_OBJC_ROOT_CLASS = YES_ERROR;
				CLANG_WARN_QUOTED_INCLUDE_IN_FRAMEWORK_HEADER = YES;
				CLANG_WARN_RANGE_LOOP_ANALYSIS = YES;
				CLANG_WARN_STRICT_PROTOTYPES = YES;
				CLANG_WARN_SUSPICIOUS_MOVE = YES;
				CLANG_WARN_UNGUARDED_AVAILABILITY = YES_AGGRESSIVE;
				CLANG_WARN_UNREACHABLE_CODE = YES;
				CLANG_WARN__DUPLICATE_METHOD_MATCH = YES;
				COPY_PHASE_STRIP = NO;
				DEBUG_INFORMATION_FORMAT = "dwarf-with-dsym";
				ENABLE_NS_ASSERTIONS = NO;
				ENABLE_STRICT_OBJC_MSGSEND = YES;
				GCC_C_LANGUAGE_STANDARD = gnu11;
				GCC_NO_COMMON_BLOCKS = YES;
				GCC_WARN_64_TO_32_BIT_CONVERSION = YES;
				GCC_WARN_ABOUT_RETURN_TYPE = YES_ERROR;
				GCC_WARN_UNDECLARED_SELECTOR = YES;
				GCC_WARN_UNINITIALIZED_AUTOS = YES_AGGRESSIVE;
				GCC_WARN_UNUSED_FUNCTION = YES;
				GCC_WARN_UNUSED_VARIABLE = YES;
				IPHONEOS_DEPLOYMENT_TARGET = 14.5;
				MTL_ENABLE_DEBUG_INFO = NO;
				MTL_FAST_MATH = YES;
				SDKROOT = iphoneos;
				SWIFT_COMPILATION_MODE = wholemodule;
				SWIFT_OPTIMIZATION_LEVEL = "-O";
				VALIDATE_PRODUCT = YES;
			};
			name = Release;
		};
		8473B0EC271334D30033C70D /* Debug */ = {
			isa = XCBuildConfiguration;
			buildSettings = {
				ASSETCATALOG_COMPILER_APPICON_NAME = AppIcon;
				ASSETCATALOG_COMPILER_GLOBAL_ACCENT_COLOR_NAME = AccentColor;
				CODE_SIGN_STYLE = Automatic;
				DEVELOPMENT_TEAM = 52CB87YU4G;
				INFOPLIST_FILE = DestinyApp/Info.plist;
				LD_RUNPATH_SEARCH_PATHS = (
					"$(inherited)",
					"@executable_path/Frameworks",
				);
				PRODUCT_BUNDLE_IDENTIFIER = lukazecevic.DestinyApp;
				PRODUCT_NAME = "$(TARGET_NAME)";
				SWIFT_VERSION = 5.0;
				TARGETED_DEVICE_FAMILY = "1,2";
			};
			name = Debug;
		};
		8473B0ED271334D30033C70D /* Release */ = {
			isa = XCBuildConfiguration;
			buildSettings = {
				ASSETCATALOG_COMPILER_APPICON_NAME = AppIcon;
				ASSETCATALOG_COMPILER_GLOBAL_ACCENT_COLOR_NAME = AccentColor;
				CODE_SIGN_STYLE = Automatic;
				DEVELOPMENT_TEAM = 52CB87YU4G;
				INFOPLIST_FILE = DestinyApp/Info.plist;
				LD_RUNPATH_SEARCH_PATHS = (
					"$(inherited)",
					"@executable_path/Frameworks",
				);
				PRODUCT_BUNDLE_IDENTIFIER = lukazecevic.DestinyApp;
				PRODUCT_NAME = "$(TARGET_NAME)";
				SWIFT_VERSION = 5.0;
				TARGETED_DEVICE_FAMILY = "1,2";
			};
			name = Release;
		};
/* End XCBuildConfiguration section */

/* Begin XCConfigurationList section */
		8473B0D2271334CE0033C70D /* Build configuration list for PBXProject "DestinyApp" */ = {
			isa = XCConfigurationList;
			buildConfigurations = (
				8473B0E9271334D30033C70D /* Debug */,
				8473B0EA271334D30033C70D /* Release */,
			);
			defaultConfigurationIsVisible = 0;
			defaultConfigurationName = Release;
		};
		8473B0EB271334D30033C70D /* Build configuration list for PBXNativeTarget "DestinyApp" */ = {
			isa = XCConfigurationList;
			buildConfigurations = (
				8473B0EC271334D30033C70D /* Debug */,
				8473B0ED271334D30033C70D /* Release */,
			);
			defaultConfigurationIsVisible = 0;
			defaultConfigurationName = Release;
		};
/* End XCConfigurationList section */
	};
	rootObject = 8473B0CF271334CE0033C70D /* Project object */;
}
